
Microsoft Visual Studio Solution File, Format Version 12.00
# Visual Studio Version 16
VisualStudioVersion = 16.0.31729.503
MinimumVisualStudioVersion = 10.0.40219.1
Project("{9A19103F-16F7-4668-BE54-9A1E7A4F7556}") = "Eureka.Api", "Eureka.Api\Eureka.Api.csproj", "{BA6E1C9D-94C9-4A73-9E6B-4779F76EEC0F}"
EndProject
Project("{FAE04EC0-301F-11D3-BF4B-00C04F79EFBC}") = "Eureka.Domain", "Eureka.Domain\Eureka.Domain.csproj", "{059D7E5B-4D00-46D9-B062-FC3C216337DE}"
EndProject
Project("{FAE04EC0-301F-11D3-BF4B-00C04F79EFBC}") = "Eureka.Infra.Data", "Eureka.Infra.Data\Eureka.Infra.Data.csproj", "{593B70BA-EC5A-49CD-A6C9-651EB64BE819}"
EndProject
Project("{FAE04EC0-301F-11D3-BF4B-00C04F79EFBC}") = "Eureka.Application", "Eureka.Application\Eureka.Application.csproj", "{78BE24CF-2C7D-462A-8208-814C8B8F7800}"
EndProject
Global
	GlobalSection(SolutionConfigurationPlatforms) = preSolution
		Debug|Any CPU = Debug|Any CPU
		Release|Any CPU = Release|Any CPU
	EndGlobalSection
	GlobalSection(ProjectConfigurationPlatforms) = postSolution
		{BA6E1C9D-94C9-4A73-9E6B-4779F76EEC0F}.Debug|Any CPU.ActiveCfg = Debug|Any CPU
		{BA6E1C9D-94C9-4A73-9E6B-4779F76EEC0F}.Debug|Any CPU.Build.0 = Debug|Any CPU
		{BA6E1C9D-94C9-4A73-9E6B-4779F76EEC0F}.Release|Any CPU.ActiveCfg = Release|Any CPU
		{BA6E1C9D-94C9-4A73-9E6B-4779F76EEC0F}.Release|Any CPU.Build.0 = Release|Any CPU
		{059D7E5B-4D00-46D9-B062-FC3C216337DE}.Debug|Any CPU.ActiveCfg = Debug|Any CPU
		{059D7E5B-4D00-46D9-B062-FC3C216337DE}.Debug|Any CPU.Build.0 = Debug|Any CPU
		{059D7E5B-4D00-46D9-B062-FC3C216337DE}.Release|Any CPU.ActiveCfg = Release|Any CPU
		{059D7E5B-4D00-46D9-B062-FC3C216337DE}.Release|Any CPU.Build.0 = Release|Any CPU
		{593B70BA-EC5A-49CD-A6C9-651EB64BE819}.Debug|Any CPU.ActiveCfg = Debug|Any CPU
		{593B70BA-EC5A-49CD-A6C9-651EB64BE819}.Debug|Any CPU.Build.0 = Debug|Any CPU
		{593B70BA-EC5A-49CD-A6C9-651EB64BE819}.Release|Any CPU.ActiveCfg = Release|Any CPU
		{593B70BA-EC5A-49CD-A6C9-651EB64BE819}.Release|Any CPU.Build.0 = Release|Any CPU
		{78BE24CF-2C7D-462A-8208-814C8B8F7800}.Debug|Any CPU.ActiveCfg = Debug|Any CPU
		{78BE24CF-2C7D-462A-8208-814C8B8F7800}.Debug|Any CPU.Build.0 = Debug|Any CPU
		{78BE24CF-2C7D-462A-8208-814C8B8F7800}.Release|Any CPU.ActiveCfg = Release|Any CPU
		{78BE24CF-2C7D-462A-8208-814C8B8F7800}.Release|Any CPU.Build.0 = Release|Any CPU
	EndGlobalSection
	GlobalSection(SolutionProperties) = preSolution
		HideSolutionNode = FALSE
	EndGlobalSection
	GlobalSection(ExtensibilityGlobals) = postSolution
		SolutionGuid = {A2720128-F71F-4936-8196-E68BA1542682}
	EndGlobalSection
EndGlobal
